schema: '2.0'
stages:
  Preprocessing@4:
    cmd: python3 src/01/main.py 4
    deps:
    - path: data/00/dataset1/test/4/y.csv
      md5: 31bccaedf586513b27ca3ecd50c9eb3f
      size: 308
    - path: data/00/dataset1/train/4/x.csv
      md5: 6e433eff9b159c4e3e62142192a7e450
      size: 3949
    params:
      params.yaml:
        Parameters:
          preprocess:
            label: true
            subset: true
            split: true
          feature_extration:
            rotation_ncd: true
          ncd_baseline:
            ncd_type: jpeg_compressionVertical
          kfold_nr: 5
          dataset: 1
          multiclassification: false
          class1: camera
          class2: kangaroo
  Preprocessing@3:
    cmd: python3 src/01/main.py 3
    deps:
    - path: data/00/dataset1/test/3/y.csv
      md5: 8b48f46e411a0192a2e7aca6670e4452
      size: 296
    - path: data/00/dataset1/train/3/x.csv
      md5: a1fdd3b54c97c018d49eabe67a478005
      size: 3961
    params:
      params.yaml:
        Parameters:
          preprocess:
            label: true
            subset: true
            split: true
          feature_extration:
            rotation_ncd: true
          ncd_baseline:
            ncd_type: jpeg_compressionVertical
          kfold_nr: 5
          dataset: 1
          multiclassification: false
          class1: camera
          class2: kangaroo
  Train@3:
    cmd: python3 src/02/main.py 3
    deps:
    - path: data/01/dataset1/train/3/img_dump/labels.csv
      md5: afa98c99b1f26b45ef2feee390f4c5be
      size: 2980
    - path: data/dataset1/kernel/kernelmatrix.npy
      md5: 0ff579f3c23ddffcbfd833c0f9ebb0c5
      size: 148096
    - path: data/dataset1/labels.csv
      md5: 83c7175058d8cceb01c048c6fb773552
      size: 661665
  Train@1:
    cmd: python3 src/02/main.py 1
    deps:
    - path: data/01/dataset1/train/1/img_dump/labels.csv
      md5: 9c6ee1b3583079d35d43cf55ae186e2d
      size: 2968
    - path: data/dataset1/kernel/kernelmatrix.npy
      md5: 0ff579f3c23ddffcbfd833c0f9ebb0c5
      size: 148096
    - path: data/dataset1/labels.csv
      md5: 83c7175058d8cceb01c048c6fb773552
      size: 661665
  Kernel:
    cmd: python3 src/02/kernel_calc.py
    deps:
    - path: data/dataset1/labels.csv
      md5: 83c7175058d8cceb01c048c6fb773552
      size: 661665
    - path: src/00/learning_algorithms.py
      md5: 4b207642a49d0650e4dd327d1c90a639
      size: 4720
    - path: src/00/ncd.py
      md5: 8ea0f282e97d524ec45ea90608c4ef5c
      size: 3450
    params:
      params.yaml:
        Parameters:
          preprocess:
            label: true
            subset: true
            split: true
          feature_extration:
            rotation_ncd: true
          ncd_baseline:
            ncd_type: jpeg_compressionVertical
          kfold_nr: 5
          dataset: 1
          multiclassification: false
          class1: camera
          class2: kangaroo
  Test@1:
    cmd: python3 src/03/main.py 1
    deps:
    - path: data/01/dataset1/test/1/img_dump/
      md5: 83472fdff33981ffc9bbbeb86e0bbc51.dir
      size: 229246
      nfiles: 27
    - path: data/01/dataset1/test/1/img_dump/labels.csv
      md5: 5234741d3dfea59ed3628e0f6fec7173
      size: 740
    - path: data/01/dataset1/train/1/img_dump/labels.csv
      md5: 9c6ee1b3583079d35d43cf55ae186e2d
      size: 2968
    - path: data/02/dataset1/train/1/model_instances.pkl
      md5: cb0cb41108387ac5361bdb8857145af2
      size: 1173
    - path: src/02/main.py
      md5: b8f9a97194e7b05177b6635ef65e574b
      size: 6005
  Train@4:
    cmd: python3 src/02/main.py 4
    deps:
    - path: data/01/dataset1/train/4/img_dump/labels.csv
      md5: 1c1ced646cd43263bbcd163ad96d344b
      size: 2968
    - path: data/dataset1/kernel/kernelmatrix.npy
      md5: 0ff579f3c23ddffcbfd833c0f9ebb0c5
      size: 148096
    - path: data/dataset1/labels.csv
      md5: 83c7175058d8cceb01c048c6fb773552
      size: 661665
  Test@2:
    cmd: python3 src/03/main.py 2
    deps:
    - path: data/01/dataset1/test/2/img_dump/
      md5: 0ad239d38e94b2e617d0e34be790ae62.dir
      size: 228740
      nfiles: 28
    - path: data/01/dataset1/test/2/img_dump/labels.csv
      md5: 538bfbeeabded9d3f1f6c21e065437ac
      size: 736
    - path: data/01/dataset1/train/2/img_dump/labels.csv
      md5: e8514156aab330f8db704eb32831d119
      size: 2972
    - path: data/02/dataset1/train/2/model_instances.pkl
      md5: 450fe4262ef7fb0dd19e3c8bdf34c11f
      size: 1173
    - path: src/02/main.py
      md5: b8f9a97194e7b05177b6635ef65e574b
      size: 6005
  Test@3:
    cmd: python3 src/03/main.py 3
    deps:
    - path: data/01/dataset1/test/3/img_dump/
      md5: f5e4db14a4f667856a343c2697184c1a.dir
      size: 204416
      nfiles: 25
    - path: data/01/dataset1/test/3/img_dump/labels.csv
      md5: 4c6abec49a3a91f57a3b93b4323e18de
      size: 728
    - path: data/01/dataset1/train/3/img_dump/labels.csv
      md5: afa98c99b1f26b45ef2feee390f4c5be
      size: 2980
    - path: data/02/dataset1/train/3/model_instances.pkl
      md5: 450fe4262ef7fb0dd19e3c8bdf34c11f
      size: 1173
    - path: src/02/main.py
      md5: b8f9a97194e7b05177b6635ef65e574b
      size: 6005
  Reporting@4:
    cmd: python3 src/04/main.py 4
    deps:
    - path: data/03/dataset1/0/results.csv
      md5: d297b9d7b806570e1c5642d2d0d8e6c7
      size: 1804
    outs:
    - path: metrics/metrics4.json
      md5: 668b3a105e62f18b7496014e8e327fbb
      size: 38
  Preprocessing@0:
    cmd: python3 src/01/main.py 0
    deps:
    - path: data/00/dataset1/test/0/y.csv
      md5: 54556e830cb8d9a0f2c49c905b88defb
      size: 316
    - path: data/00/dataset1/train/0/x.csv
      md5: 61a687a83dbbd6c346c15553a1f2557e
      size: 3916
    params:
      params.yaml:
        Parameters:
          preprocess:
            label: true
            subset: true
            split: true
          feature_extration:
            rotation_ncd: true
          ncd_baseline:
            ncd_type: jpeg_compressionVertical
          kfold_nr: 5
          dataset: 1
          multiclassification: false
          class1: camera
          class2: kangaroo
  Test@4:
    cmd: python3 src/03/main.py 4
    deps:
    - path: data/01/dataset1/test/4/img_dump/
      md5: cc6544760bd0a28c6392b6be7a78e210.dir
      size: 211885
      nfiles: 25
    - path: data/01/dataset1/test/4/img_dump/labels.csv
      md5: e4595172d51e0e3d086a96b3ec0207da
      size: 740
    - path: data/01/dataset1/train/4/img_dump/labels.csv
      md5: 1c1ced646cd43263bbcd163ad96d344b
      size: 2968
    - path: data/02/dataset1/train/4/model_instances.pkl
      md5: 450fe4262ef7fb0dd19e3c8bdf34c11f
      size: 1173
    - path: src/02/main.py
      md5: b8f9a97194e7b05177b6635ef65e574b
      size: 6005
  Reporting@3:
    cmd: python3 src/04/main.py 3
    deps:
    - path: data/03/dataset1/0/results.csv
      md5: d297b9d7b806570e1c5642d2d0d8e6c7
      size: 1804
    outs:
    - path: metrics/metrics3.json
      md5: 0f0f9d5bd3e4941777d4647df7022634
      size: 23
  Preprocessing@2:
    cmd: python3 src/01/main.py 2
    deps:
    - path: data/00/dataset1/test/2/y.csv
      md5: b0e7bdd4edb512eb1e2e6385eff633c3
      size: 304
    - path: data/00/dataset1/train/2/x.csv
      md5: 5135241433836611369acc3a4015e723
      size: 3953
    params:
      params.yaml:
        Parameters:
          preprocess:
            label: true
            subset: true
            split: true
          feature_extration:
            rotation_ncd: true
          ncd_baseline:
            ncd_type: jpeg_compressionVertical
          kfold_nr: 5
          dataset: 1
          multiclassification: false
          class1: camera
          class2: kangaroo
  Preprocessing@1:
    cmd: python3 src/01/main.py 1
    deps:
    - path: data/00/dataset1/test/1/y.csv
      md5: 31bccaedf586513b27ca3ecd50c9eb3f
      size: 308
    - path: data/00/dataset1/train/1/x.csv
      md5: 2d03a2022630719e5d70a58a193916fb
      size: 3949
    params:
      params.yaml:
        Parameters:
          preprocess:
            label: true
            subset: true
            split: true
          feature_extration:
            rotation_ncd: true
          ncd_baseline:
            ncd_type: jpeg_compressionVertical
          kfold_nr: 5
          dataset: 1
          multiclassification: false
          class1: camera
          class2: kangaroo
  Train@0:
    cmd: python3 src/02/main.py 0
    deps:
    - path: data/01/dataset1/train/0/img_dump/labels.csv
      md5: 90fa68c6c1eda15d8aa98c9fc89ceccb
      size: 2944
    - path: data/dataset1/kernel/kernelmatrix.npy
      md5: 0ff579f3c23ddffcbfd833c0f9ebb0c5
      size: 148096
    - path: data/dataset1/labels.csv
      md5: 83c7175058d8cceb01c048c6fb773552
      size: 661665
  Reporting@2:
    cmd: python3 src/04/main.py 2
    deps:
    - path: data/03/dataset1/0/results.csv
      md5: d297b9d7b806570e1c5642d2d0d8e6c7
      size: 1804
    outs:
    - path: metrics/metrics2.json
      md5: bb7bda3f25171fbe30607de53227cb76
      size: 54
  Reporting@0:
    cmd: python3 src/04/main.py 0
    deps:
    - path: data/03/dataset1/0/results.csv
      md5: d297b9d7b806570e1c5642d2d0d8e6c7
      size: 1804
    outs:
    - path: metrics/metrics0.json
      md5: 102942c14473348bdf9edaa36181f71f
      size: 38
  Reporting@1:
    cmd: python3 src/04/main.py 1
    deps:
    - path: data/03/dataset1/0/results.csv
      md5: d297b9d7b806570e1c5642d2d0d8e6c7
      size: 1804
    outs:
    - path: metrics/metrics1.json
      md5: 8b6a1ded0a1b3193a7c771a78d458d15
      size: 54
  Overall_metrics:
    cmd: python3 src/04/overall.py
    deps:
    - path: metrics/metrics0.json
      md5: 102942c14473348bdf9edaa36181f71f
      size: 38
    - path: metrics/metrics1.json
      md5: 8b6a1ded0a1b3193a7c771a78d458d15
      size: 54
    - path: metrics/metrics2.json
      md5: bb7bda3f25171fbe30607de53227cb76
      size: 54
    - path: metrics/metrics3.json
      md5: 0f0f9d5bd3e4941777d4647df7022634
      size: 23
    - path: metrics/metrics4.json
      md5: 668b3a105e62f18b7496014e8e327fbb
      size: 38
    outs:
    - path: metrics/final_metrics.json
      md5: 982b4dd342917e86f8403fdc1e625afb
      size: 65
  Train@2:
    cmd: python3 src/02/main.py 2
    deps:
    - path: data/01/dataset1/train/2/img_dump/labels.csv
      md5: e8514156aab330f8db704eb32831d119
      size: 2972
    - path: data/dataset1/kernel/kernelmatrix.npy
      md5: 0ff579f3c23ddffcbfd833c0f9ebb0c5
      size: 148096
    - path: data/dataset1/labels.csv
      md5: 83c7175058d8cceb01c048c6fb773552
      size: 661665
  Test@0:
    cmd: python3 src/03/main.py 0
    deps:
    - path: data/01/dataset1/test/0/img_dump/
      md5: 94343b3b2a003a4b1f0e1caa3b53de11.dir
      size: 220664
      nfiles: 27
    - path: data/01/dataset1/test/0/img_dump/labels.csv
      md5: ca3c15c79cbe217acfde01be84d6a807
      size: 764
    - path: data/01/dataset1/train/0/img_dump/labels.csv
      md5: 90fa68c6c1eda15d8aa98c9fc89ceccb
      size: 2944
    - path: data/02/dataset1/train/0/model_instances.pkl
      md5: 698e2ea79520fdd3ad9f923aca177313
      size: 1165
    - path: src/02/main.py
      md5: b8f9a97194e7b05177b6635ef65e574b
      size: 6005
  Data_Preprocessing:
    cmd: python3 src/00/main.py
    deps:
    - path: data/dataset1/
      md5: 0e6d10fcc2c4eed9122120065fe170a9.dir
      size: 168803736
      nfiles: 9150
    params:
      params.yaml:
        Parameters:
          preprocess:
            label: true
            subset: true
            split: true
          feature_extration:
            rotation_ncd: true
          ncd_baseline:
            ncd_type: jpeg_compressionVertical
          kfold_nr: 5
          dataset: 1
          multiclassification: false
          class1: camera
          class2: kangaroo
