schema: '2.0'
stages:
  Preprocessing@4:
    cmd: python3 src/01/main.py 4
    deps:
    - path: data/00/dataset1/test/4/y.csv
      md5: 86e3f8ddc5b206b4e295bcfbeccad406
      size: 323
    - path: data/00/dataset1/train/4/x.csv
      md5: 839a97db8f19415aa475a411505e3f19
      size: 3941
    params:
      params.yaml:
        Parameters:
          preprocess:
            label: false
            subset: false
            split: false
          compression_type: png
          concatenation:
            concatenation_type: interleaved
            concatenation_axis: 0
          kfold_nr: 5
          dataset: 1
          multiclassification: false
          class1: dalmatian
          class2: elephant
  Preprocessing@3:
    cmd: python3 src/01/main.py 3
    deps:
    - path: data/00/dataset1/test/3/y.csv
      md5: f0f7266734f36da9d0b8ad101778afe6
      size: 326
    - path: data/00/dataset1/train/3/x.csv
      md5: 773cc41f890c246bab721f76c74b314b
      size: 3938
    params:
      params.yaml:
        Parameters:
          preprocess:
            label: false
            subset: false
            split: false
          compression_type: png
          concatenation:
            concatenation_type: interleaved
            concatenation_axis: 0
          kfold_nr: 5
          dataset: 1
          multiclassification: false
          class1: dalmatian
          class2: camera
  Train@3:
    cmd: python3 src/02/main.py 3
    deps:
    - path: data/01/dataset1/train/3/img_dump/labels.csv
      md5: 75d56e0fc31c7cd1d3bc3a43027cf5fe
      size: 2993
    - path: data/dataset1/kernel/kernelmatrix.npy
      md5: 3f0a587888b517ce344d3b870d8e7482
      size: 137416
    - path: data/dataset1/labels.csv
      md5: 83c7175058d8cceb01c048c6fb773552
      size: 661665
  Train@1:
    cmd: python3 src/02/main.py 1
    deps:
    - path: data/01/dataset1/train/1/img_dump/labels.csv
      md5: 6258f2834f7791be1ce417d4701a9dbd
      size: 2991
    - path: data/dataset1/kernel/kernelmatrix.npy
      md5: 3f0a587888b517ce344d3b870d8e7482
      size: 137416
    - path: data/dataset1/labels.csv
      md5: 83c7175058d8cceb01c048c6fb773552
      size: 661665
  Kernel:
    cmd: python3 src/02/kernel_calc.py
    deps:
    - path: data/dataset1/labels.csv
      md5: 83c7175058d8cceb01c048c6fb773552
      size: 661665
    - path: src/00/learning_algorithms.py
      md5: 65393c7b5436a10426b2e8fbec0eb20d
      size: 4698
    - path: src/00/ncd.py
      md5: 733d2bec64bbd7b220ee0830f08e10b6
      size: 6134
    params:
      params.yaml:
        Parameters:
          preprocess:
            label: false
            subset: true
            split: true
          compression_type: png
          concatenation:
            concatenation_type: interleaved
            concatenation_axis: 0
          kfold_nr: 5
          dataset: 1
          multiclassification: false
          class1: dalmatian
          class2: camera
  Test@1:
    cmd: python3 src/03/main.py 1
    deps:
    - path: data/01/dataset1/test/1/img_dump/
      md5: 8938d5f8eef4cf73b51b525def74d158.dir
      size: 373185
      nfiles: 26
    - path: data/01/dataset1/test/1/img_dump/labels.csv
      md5: 1dbd73d0132c130749eb612b6e51d44e
      size: 744
    - path: data/01/dataset1/train/1/img_dump/labels.csv
      md5: 6258f2834f7791be1ce417d4701a9dbd
      size: 2991
    - path: data/02/dataset1/train/1/model_instances.pkl
      md5: ddfe7b056bd2c985632ea8f738edcadb
      size: 1141
    - path: src/02/main.py
      md5: e9184004f8df2a775a2694949fa5bb07
      size: 6146
  Train@4:
    cmd: python3 src/02/main.py 4
    deps:
    - path: data/01/dataset1/train/4/img_dump/labels.csv
      md5: 491ea240c437a37ced00b4d8eef3c3fb
      size: 2996
    - path: data/dataset1/kernel/kernelmatrix.npy
      md5: 3f0a587888b517ce344d3b870d8e7482
      size: 137416
    - path: data/dataset1/labels.csv
      md5: 83c7175058d8cceb01c048c6fb773552
      size: 661665
  Test@2:
    cmd: python3 src/03/main.py 2
    deps:
    - path: data/01/dataset1/test/2/img_dump/
      md5: 4e8d2af798244b8cb3c5aed061b41762.dir
      size: 318650
      nfiles: 22
    - path: data/01/dataset1/test/2/img_dump/labels.csv
      md5: 5b3ecdbd31b52768e8353773e4f96fea
      size: 739
    - path: data/01/dataset1/train/2/img_dump/labels.csv
      md5: f3fed4c5f984b0998a81cc218976dfdf
      size: 2996
    - path: data/02/dataset1/train/2/model_instances.pkl
      md5: 0ff21e76bdc785b35ddc95490a71acc5
      size: 1141
    - path: src/02/main.py
      md5: e9184004f8df2a775a2694949fa5bb07
      size: 6146
  Test@3:
    cmd: python3 src/03/main.py 3
    deps:
    - path: data/01/dataset1/test/3/img_dump/
      md5: 4b72e92fe93e1707d0ad9e0315b61374.dir
      size: 385080
      nfiles: 26
    - path: data/01/dataset1/test/3/img_dump/labels.csv
      md5: 47339c377585d2b2a17b223472f4de6f
      size: 742
    - path: data/01/dataset1/train/3/img_dump/labels.csv
      md5: 75d56e0fc31c7cd1d3bc3a43027cf5fe
      size: 2993
    - path: data/02/dataset1/train/3/model_instances.pkl
      md5: 7d3c43a79b64dbc637695a663359b50c
      size: 1141
    - path: src/02/main.py
      md5: e9184004f8df2a775a2694949fa5bb07
      size: 6146
  Reporting@4:
    cmd: python3 src/04/main.py 4
    deps:
    - path: data/03/dataset1/0/results.csv
      md5: cc9ca896770a3b3657c2c31a31680fe0
      size: 2364
    outs:
    - path: metrics/metrics4.json
      md5: 8aab1ed105efe4e7693205d94a9df7ec
      size: 329
  Preprocessing@0:
    cmd: python3 src/01/main.py 0
    deps:
    - path: data/00/dataset1/test/0/y.csv
      md5: 2489377ef1a067dda16b5cf5cf93c1c9
      size: 339
    - path: data/00/dataset1/train/0/x.csv
      md5: 4dcfd791f9bbe4ad255d5408d1998552
      size: 3900
    params:
      params.yaml:
        Parameters:
          preprocess:
            label: false
            subset: false
            split: false
          compression_type: png
          concatenation:
            concatenation_type: interleaved
            concatenation_axis: 0
          kfold_nr: 5
          dataset: 1
          multiclassification: false
          class1: dalmatian
          class2: camera
  Test@4:
    cmd: python3 src/03/main.py 4
    deps:
    - path: data/01/dataset1/test/4/img_dump/
      md5: fd223940b6d16778e1aa0bba1087c3bf.dir
      size: 393612
      nfiles: 26
    - path: data/01/dataset1/test/4/img_dump/labels.csv
      md5: e3556d543652cfb608a4936a0b750f2b
      size: 739
    - path: data/01/dataset1/train/4/img_dump/labels.csv
      md5: 491ea240c437a37ced00b4d8eef3c3fb
      size: 2996
    - path: data/02/dataset1/train/4/model_instances.pkl
      md5: 2403dfff3d5f14dd7837fc3546a3e0a2
      size: 1141
    - path: src/02/main.py
      md5: e9184004f8df2a775a2694949fa5bb07
      size: 6146
  Reporting@3:
    cmd: python3 src/04/main.py 3
    deps:
    - path: data/03/dataset1/0/results.csv
      md5: cc9ca896770a3b3657c2c31a31680fe0
      size: 2364
    outs:
    - path: metrics/metrics3.json
      md5: 3642e5b48d1a1d2ee65a427041239809
      size: 637
  Preprocessing@2:
    cmd: python3 src/01/main.py 2
    deps:
    - path: data/00/dataset1/test/2/y.csv
      md5: 86e3f8ddc5b206b4e295bcfbeccad406
      size: 323
    - path: data/00/dataset1/train/2/x.csv
      md5: 1b122348f12fb99a3700ed6265295b21
      size: 3941
    params:
      params.yaml:
        Parameters:
          preprocess:
            label: false
            subset: true
            split: true
          compression_type: png
          concatenation:
            concatenation_type: interleaved
            concatenation_axis: 0
          kfold_nr: 5
          dataset: 1
          multiclassification: false
          class1: dalmatian
          class2: camera
  Preprocessing@1:
    cmd: python3 src/01/main.py 1
    deps:
    - path: data/00/dataset1/test/1/y.csv
      md5: aa54f3399b372aeeadc1fdc87cdea2c7
      size: 328
    - path: data/00/dataset1/train/1/x.csv
      md5: 2f295d2d76d5cc6a085218e231c8a35b
      size: 3936
    params:
      params.yaml:
        Parameters:
          preprocess:
            label: false
            subset: false
            split: false
          compression_type: png
          concatenation:
            concatenation_type: interleaved
            concatenation_axis: 0
          kfold_nr: 5
          dataset: 1
          multiclassification: false
          class1: dalmatian
          class2: camera
  Train@0:
    cmd: python3 src/02/main.py 0
    deps:
    - path: data/01/dataset1/train/0/img_dump/labels.csv
      md5: 29df6776bdc1e12bd7bee5d968b3ecb0
      size: 2964
    - path: data/dataset1/kernel/kernelmatrix.npy
      md5: 3f0a587888b517ce344d3b870d8e7482
      size: 137416
    - path: data/dataset1/labels.csv
      md5: 83c7175058d8cceb01c048c6fb773552
      size: 661665
  Reporting@2:
    cmd: python3 src/04/main.py 2
    deps:
    - path: data/03/dataset1/0/results.csv
      md5: cc9ca896770a3b3657c2c31a31680fe0
      size: 2364
    outs:
    - path: metrics/metrics2.json
      md5: 803a79ee1758ba0003bae53a54634416
      size: 306
  Reporting@0:
    cmd: python3 src/04/main.py 0
    deps:
    - path: data/03/dataset1/0/results.csv
      md5: cc9ca896770a3b3657c2c31a31680fe0
      size: 2364
    outs:
    - path: metrics/metrics0.json
      md5: bc119b4b4527d276064d18b1f9a99d7f
      size: 700
  Reporting@1:
    cmd: python3 src/04/main.py 1
    deps:
    - path: data/03/dataset1/0/results.csv
      md5: cc9ca896770a3b3657c2c31a31680fe0
      size: 2364
    outs:
    - path: metrics/metrics1.json
      md5: 74aae98702c656eafc3efd358d7816c8
      size: 346
  Overall_metrics:
    cmd: python3 src/04/overall.py
    deps:
    - path: metrics/metrics0.json
      md5: bc119b4b4527d276064d18b1f9a99d7f
      size: 700
    - path: metrics/metrics1.json
      md5: 74aae98702c656eafc3efd358d7816c8
      size: 346
    - path: metrics/metrics2.json
      md5: 803a79ee1758ba0003bae53a54634416
      size: 306
    - path: metrics/metrics3.json
      md5: 3642e5b48d1a1d2ee65a427041239809
      size: 637
    - path: metrics/metrics4.json
      md5: 8aab1ed105efe4e7693205d94a9df7ec
      size: 329
    outs:
    - path: metrics/final_metrics.json
      md5: b9f126fa8f84b844a557a522060ceaae
      size: 2181
  Train@2:
    cmd: python3 src/02/main.py 2
    deps:
    - path: data/01/dataset1/train/2/img_dump/labels.csv
      md5: f3fed4c5f984b0998a81cc218976dfdf
      size: 2996
    - path: data/dataset1/kernel/kernelmatrix.npy
      md5: 3f0a587888b517ce344d3b870d8e7482
      size: 137416
    - path: data/dataset1/labels.csv
      md5: 83c7175058d8cceb01c048c6fb773552
      size: 661665
  Test@0:
    cmd: python3 src/03/main.py 0
    deps:
    - path: data/01/dataset1/test/0/img_dump/
      md5: adededdd10f11ee0a521f9fadf2089be.dir
      size: 378790
      nfiles: 27
    - path: data/01/dataset1/test/0/img_dump/labels.csv
      md5: 4cb6e0b9de1417af398b6297695dd4a8
      size: 771
    - path: data/01/dataset1/train/0/img_dump/labels.csv
      md5: 29df6776bdc1e12bd7bee5d968b3ecb0
      size: 2964
    - path: data/02/dataset1/train/0/model_instances.pkl
      md5: 8be889d333ce7c506014c6813afbaa0d
      size: 1133
    - path: src/02/main.py
      md5: e9184004f8df2a775a2694949fa5bb07
      size: 6146
  Data_Preprocessing:
    cmd: python3 src/00/main.py
    deps:
    - path: data/dataset1/
      md5: 2a6ef38db7b543595059653346b32161.dir
      size: 197078650
      nfiles: 9151
    params:
      params.yaml:
        Parameters:
          preprocess:
            label: false
            subset: false
            split: false
          compression_type: png
          concatenation:
            concatenation_type: interleaved
            concatenation_axis: 0
          kfold_nr: 5
          dataset: 1
          multiclassification: false
          class1: dalmatian
          class2: elephant
